
Microsoft Visual Studio Solution File, Format Version 12.00
# Visual Studio Version 17
VisualStudioVersion = 17.0.31903.59
MinimumVisualStudioVersion = 10.0.40219.1
Project("{FAE04EC0-301F-11D3-BF4B-00C04F79EFBC}") = "cs2.core", "cs2.core\cs2.core.csproj", "{61D972D2-2360-47E9-BEBC-3DF0D4EAF3EB}"
EndProject
Project("{FAE04EC0-301F-11D3-BF4B-00C04F79EFBC}") = "cs2.cpp", "cs2.cpp\cs2.cpp.csproj", "{80C4C15A-327A-453E-B7CC-21FC4989377B}"
EndProject
Project("{FAE04EC0-301F-11D3-BF4B-00C04F79EFBC}") = "cs2.ts", "cs2.ts\cs2.ts.csproj", "{F6FF15EF-6C1B-4216-AFB9-5B1525AF152E}"
EndProject
Project("{FAE04EC0-301F-11D3-BF4B-00C04F79EFBC}") = "codegen.sample", "codegen.sample\codegen.sample.csproj", "{9371554E-F78F-4AF3-B2B2-7BADF679C616}"
EndProject
Project("{FAE04EC0-301F-11D3-BF4B-00C04F79EFBC}") = "codegen.testproj", "codegen.testproj\codegen.testproj.csproj", "{C6BA5975-410D-470A-A26A-42A0B24C13ED}"
EndProject
Global
	GlobalSection(SolutionConfigurationPlatforms) = preSolution
		Debug|Any CPU = Debug|Any CPU
		Release|Any CPU = Release|Any CPU
	EndGlobalSection
	GlobalSection(ProjectConfigurationPlatforms) = postSolution
		{61D972D2-2360-47E9-BEBC-3DF0D4EAF3EB}.Debug|Any CPU.ActiveCfg = Debug|Any CPU
		{61D972D2-2360-47E9-BEBC-3DF0D4EAF3EB}.Debug|Any CPU.Build.0 = Debug|Any CPU
		{61D972D2-2360-47E9-BEBC-3DF0D4EAF3EB}.Release|Any CPU.ActiveCfg = Release|Any CPU
		{61D972D2-2360-47E9-BEBC-3DF0D4EAF3EB}.Release|Any CPU.Build.0 = Release|Any CPU
		{80C4C15A-327A-453E-B7CC-21FC4989377B}.Debug|Any CPU.ActiveCfg = Debug|Any CPU
		{80C4C15A-327A-453E-B7CC-21FC4989377B}.Debug|Any CPU.Build.0 = Debug|Any CPU
		{80C4C15A-327A-453E-B7CC-21FC4989377B}.Release|Any CPU.ActiveCfg = Release|Any CPU
		{80C4C15A-327A-453E-B7CC-21FC4989377B}.Release|Any CPU.Build.0 = Release|Any CPU
		{F6FF15EF-6C1B-4216-AFB9-5B1525AF152E}.Debug|Any CPU.ActiveCfg = Debug|Any CPU
		{F6FF15EF-6C1B-4216-AFB9-5B1525AF152E}.Debug|Any CPU.Build.0 = Debug|Any CPU
		{F6FF15EF-6C1B-4216-AFB9-5B1525AF152E}.Release|Any CPU.ActiveCfg = Release|Any CPU
		{F6FF15EF-6C1B-4216-AFB9-5B1525AF152E}.Release|Any CPU.Build.0 = Release|Any CPU
		{9371554E-F78F-4AF3-B2B2-7BADF679C616}.Debug|Any CPU.ActiveCfg = Debug|Any CPU
		{9371554E-F78F-4AF3-B2B2-7BADF679C616}.Debug|Any CPU.Build.0 = Debug|Any CPU
		{9371554E-F78F-4AF3-B2B2-7BADF679C616}.Release|Any CPU.ActiveCfg = Release|Any CPU
		{9371554E-F78F-4AF3-B2B2-7BADF679C616}.Release|Any CPU.Build.0 = Release|Any CPU
		{C6BA5975-410D-470A-A26A-42A0B24C13ED}.Debug|Any CPU.ActiveCfg = Debug|Any CPU
		{C6BA5975-410D-470A-A26A-42A0B24C13ED}.Debug|Any CPU.Build.0 = Debug|Any CPU
		{C6BA5975-410D-470A-A26A-42A0B24C13ED}.Release|Any CPU.ActiveCfg = Release|Any CPU
		{C6BA5975-410D-470A-A26A-42A0B24C13ED}.Release|Any CPU.Build.0 = Release|Any CPU
	EndGlobalSection
	GlobalSection(SolutionProperties) = preSolution
		HideSolutionNode = FALSE
	EndGlobalSection
EndGlobal
